Microsoft Visual Studio Solution File, Format Version 12.00
# Visual Studio Version 17
VisualStudioVersion = 17.5.2.0
MinimumVisualStudioVersion = 10.0.40219.1
Project("{2150E333-8FDC-42A3-9474-1A3956D46DE8}") = "rascunho", "rascunho", "{9AA469A8-0A2E-2B0B-21D9-14ACB3A06C21}"
EndProject
Project("{FAE04EC0-301F-11D3-BF4B-00C04F79EFBC}") = "lista", "rascunho\lista\lista.csproj", "{516526FC-B3F7-3E89-A68A-EC585FF31380}"
EndProject
Global
	GlobalSection(SolutionConfigurationPlatforms) = preSolution
		Debug|Any CPU = Debug|Any CPU
		Release|Any CPU = Release|Any CPU
	EndGlobalSection
	GlobalSection(ProjectConfigurationPlatforms) = postSolution
		{516526FC-B3F7-3E89-A68A-EC585FF31380}.Debug|Any CPU.ActiveCfg = Debug|Any CPU
		{516526FC-B3F7-3E89-A68A-EC585FF31380}.Debug|Any CPU.Build.0 = Debug|Any CPU
		{516526FC-B3F7-3E89-A68A-EC585FF31380}.Release|Any CPU.ActiveCfg = Release|Any CPU
		{516526FC-B3F7-3E89-A68A-EC585FF31380}.Release|Any CPU.Build.0 = Release|Any CPU
	EndGlobalSection
	GlobalSection(SolutionProperties) = preSolution
		HideSolutionNode = FALSE
	EndGlobalSection
	GlobalSection(NestedProjects) = preSolution
		{516526FC-B3F7-3E89-A68A-EC585FF31380} = {9AA469A8-0A2E-2B0B-21D9-14ACB3A06C21}
	EndGlobalSection
	GlobalSection(ExtensibilityGlobals) = postSolution
		SolutionGuid = {2E75A9A7-BC9B-40C4-A910-1331979EE3DB}
	EndGlobalSection
EndGlobal
